{
  "name": "netflix-reminder",
  "version": "1.0.0",
  "lockfileVersion": 1,
  "requires": true,
  "dependencies": {
    "interval-promise": {
      "version": "1.3.0",
      "resolved": "https://registry.npmjs.org/interval-promise/-/interval-promise-1.3.0.tgz",
      "integrity": "sha512-AebPZJ0o6D1jWg487njjrhfzBp6/hfmtWCMQhXr0SXD7Zg5RexQe4Y6joYiGieJziP7W7WEMQWxFKSbywXmhbw=="
    },
    "moment": {
      "version": "2.24.0",
      "resolved": "https://registry.npmjs.org/moment/-/moment-2.24.0.tgz",
      "integrity": "sha512-bV7f+6l2QigeBBZSM/6yTNq4P2fNpSWj/0e7jQcy87A8e7o2nAfP/34/2ky5Vw4B9S446EtIhodAzkFCcR4dQg=="
    },
    "nodemailer": {
      "version": "5.1.1",
      "resolved": "https://registry.npmjs.org/nodemailer/-/nodemailer-5.1.1.tgz",
      "integrity": "sha512-hKGCoeNdFL2W7S76J/Oucbw0/qRlfG815tENdhzcqTpSjKgAN91mFOqU2lQUflRRxFM7iZvCyaFcAR9noc/CqQ=="
    }
  }
}
